
Microsoft Visual Studio Solution File, Format Version 12.00
# Visual Studio 15
Project("{FAE04EC0-301F-11D3-BF4B-00C04F79EFBC}") = "Assembly-CSharp", "Assembly-CSharp.csproj", "{D33DCBA1-2937-D04C-3EC8-9E36E3BF38B5}"
EndProject
Project("{FAE04EC0-301F-11D3-BF4B-00C04F79EFBC}") = "Assembly-CSharp-Editor", "Assembly-CSharp-Editor.csproj", "{3AA05203-E89B-1397-9BB3-EED972EBA614}"
EndProject
Global
	GlobalSection(SolutionConfigurationPlatforms) = preSolution
		Debug|Any CPU = Debug|Any CPU
		Release|Any CPU = Release|Any CPU
	EndGlobalSection
	GlobalSection(ProjectConfigurationPlatforms) = postSolution
		{D33DCBA1-2937-D04C-3EC8-9E36E3BF38B5}.Debug|Any CPU.ActiveCfg = Debug|Any CPU
		{D33DCBA1-2937-D04C-3EC8-9E36E3BF38B5}.Debug|Any CPU.Build.0 = Debug|Any CPU
		{D33DCBA1-2937-D04C-3EC8-9E36E3BF38B5}.Release|Any CPU.ActiveCfg = Release|Any CPU
		{D33DCBA1-2937-D04C-3EC8-9E36E3BF38B5}.Release|Any CPU.Build.0 = Release|Any CPU
		{3AA05203-E89B-1397-9BB3-EED972EBA614}.Debug|Any CPU.ActiveCfg = Debug|Any CPU
		{3AA05203-E89B-1397-9BB3-EED972EBA614}.Debug|Any CPU.Build.0 = Debug|Any CPU
		{3AA05203-E89B-1397-9BB3-EED972EBA614}.Release|Any CPU.ActiveCfg = Release|Any CPU
		{3AA05203-E89B-1397-9BB3-EED972EBA614}.Release|Any CPU.Build.0 = Release|Any CPU
	EndGlobalSection
	GlobalSection(SolutionProperties) = preSolution
		HideSolutionNode = FALSE
	EndGlobalSection
EndGlobal
